
Microsoft Visual Studio Solution File, Format Version 12.00
# Visual Studio Version 17
VisualStudioVersion = 17.9.34607.119
MinimumVisualStudioVersion = 10.0.40219.1
Project("{9A19103F-16F7-4668-BE54-9A1E7A4F7556}") = "Virtual.MVC.CPM.MVC", "Virtual.MVC.CPM.MVC\Virtual.MVC.CPM.MVC.csproj", "{FBDAE172-0E90-49F0-97AA-4E1BD5B04631}"
EndProject
Project("{9A19103F-16F7-4668-BE54-9A1E7A4F7556}") = "Virtual.MVC.CPM.Domains", "Virtual.MVC.CPM.Domains\Virtual.MVC.CPM.Domains.csproj", "{BAE38FC6-1A5E-4D7F-A1DF-05D3F7320A51}"
EndProject
Project("{9A19103F-16F7-4668-BE54-9A1E7A4F7556}") = "Virtual.MVC.CPM.Models", "Virtual.MVC.CPM.Models\Virtual.MVC.CPM.Models.csproj", "{747B4576-ECE8-4811-9697-BF6AF0B69944}"
EndProject
Project("{9A19103F-16F7-4668-BE54-9A1E7A4F7556}") = "Virtual.MVC.CPM.Data", "Virtual.MVC.CPM.Data\Virtual.MVC.CPM.Data.csproj", "{3AB65CF5-85C6-4299-8788-BF0C836B72FC}"
EndProject
Project("{2150E333-8FDC-42A3-9474-1A3956D46DE8}") = "Solution Items", "Solution Items", "{A4B2F18C-F177-4B4C-AEB7-DFC689F65EC2}"
	ProjectSection(SolutionItems) = preProject
		README.md = README.md
	EndProjectSection
EndProject
Project("{FAE04EC0-301F-11D3-BF4B-00C04F79EFBC}") = "Virtual.MVC.CPM.Packages", "Virtual.MVC.CPM.Packages\Virtual.MVC.CPM.Packages.csproj", "{9E8526BE-6002-492E-BFF6-4C5A2BEC53B3}"
EndProject
Global
	GlobalSection(SolutionConfigurationPlatforms) = preSolution
		Debug|Any CPU = Debug|Any CPU
		Release|Any CPU = Release|Any CPU
	EndGlobalSection
	GlobalSection(ProjectConfigurationPlatforms) = postSolution
		{FBDAE172-0E90-49F0-97AA-4E1BD5B04631}.Debug|Any CPU.ActiveCfg = Debug|Any CPU
		{FBDAE172-0E90-49F0-97AA-4E1BD5B04631}.Debug|Any CPU.Build.0 = Debug|Any CPU
		{FBDAE172-0E90-49F0-97AA-4E1BD5B04631}.Release|Any CPU.ActiveCfg = Release|Any CPU
		{FBDAE172-0E90-49F0-97AA-4E1BD5B04631}.Release|Any CPU.Build.0 = Release|Any CPU
		{BAE38FC6-1A5E-4D7F-A1DF-05D3F7320A51}.Debug|Any CPU.ActiveCfg = Debug|Any CPU
		{BAE38FC6-1A5E-4D7F-A1DF-05D3F7320A51}.Debug|Any CPU.Build.0 = Debug|Any CPU
		{BAE38FC6-1A5E-4D7F-A1DF-05D3F7320A51}.Release|Any CPU.ActiveCfg = Release|Any CPU
		{BAE38FC6-1A5E-4D7F-A1DF-05D3F7320A51}.Release|Any CPU.Build.0 = Release|Any CPU
		{747B4576-ECE8-4811-9697-BF6AF0B69944}.Debug|Any CPU.ActiveCfg = Debug|Any CPU
		{747B4576-ECE8-4811-9697-BF6AF0B69944}.Debug|Any CPU.Build.0 = Debug|Any CPU
		{747B4576-ECE8-4811-9697-BF6AF0B69944}.Release|Any CPU.ActiveCfg = Release|Any CPU
		{747B4576-ECE8-4811-9697-BF6AF0B69944}.Release|Any CPU.Build.0 = Release|Any CPU
		{3AB65CF5-85C6-4299-8788-BF0C836B72FC}.Debug|Any CPU.ActiveCfg = Debug|Any CPU
		{3AB65CF5-85C6-4299-8788-BF0C836B72FC}.Debug|Any CPU.Build.0 = Debug|Any CPU
		{3AB65CF5-85C6-4299-8788-BF0C836B72FC}.Release|Any CPU.ActiveCfg = Release|Any CPU
		{3AB65CF5-85C6-4299-8788-BF0C836B72FC}.Release|Any CPU.Build.0 = Release|Any CPU
		{9E8526BE-6002-492E-BFF6-4C5A2BEC53B3}.Debug|Any CPU.ActiveCfg = Debug|Any CPU
		{9E8526BE-6002-492E-BFF6-4C5A2BEC53B3}.Debug|Any CPU.Build.0 = Debug|Any CPU
		{9E8526BE-6002-492E-BFF6-4C5A2BEC53B3}.Release|Any CPU.ActiveCfg = Release|Any CPU
		{9E8526BE-6002-492E-BFF6-4C5A2BEC53B3}.Release|Any CPU.Build.0 = Release|Any CPU
	EndGlobalSection
	GlobalSection(SolutionProperties) = preSolution
		HideSolutionNode = FALSE
	EndGlobalSection
	GlobalSection(ExtensibilityGlobals) = postSolution
		SolutionGuid = {ED731049-04F9-43D0-AEB8-485582A11D53}
	EndGlobalSection
EndGlobal
